// !$*UTF8*$!
{
	archiveVersion = 1;
	classes = {
	};
	objectVersion = 50;
	objects = {

/* Begin PBXBuildFile section */
		F84B961825AFFDB10061B47A /* AppDelegate.swift in Sources */ = {isa = PBXBuildFile; fileRef = F84B961725AFFDB10061B47A /* AppDelegate.swift */; };
		F84B961A25AFFDB10061B47A /* SceneDelegate.swift in Sources */ = {isa = PBXBuildFile; fileRef = F84B961925AFFDB10061B47A /* SceneDelegate.swift */; };
		F84B961C25AFFDB10061B47A /* ViewController.swift in Sources */ = {isa = PBXBuildFile; fileRef = F84B961B25AFFDB10061B47A /* ViewController.swift */; };
		F84B961F25AFFDB10061B47A /* Main.storyboard in Resources */ = {isa = PBXBuildFile; fileRef = F84B961D25AFFDB10061B47A /* Main.storyboard */; };
		F84B962125AFFDB80061B47A /* Assets.xcassets in Resources */ = {isa = PBXBuildFile; fileRef = F84B962025AFFDB80061B47A /* Assets.xcassets */; };
		F84B962425AFFDB80061B47A /* LaunchScreen.storyboard in Resources */ = {isa = PBXBuildFile; fileRef = F84B962225AFFDB80061B47A /* LaunchScreen.storyboard */; };
		F84B962E25AFFFD00061B47A /* PopUp.storyboard in Resources */ = {isa = PBXBuildFile; fileRef = F84B962D25AFFFD00061B47A /* PopUp.storyboard */; };
		F84B963125B005860061B47A /* CustomPopUpViewController.swift in Sources */ = {isa = PBXBuildFile; fileRef = F84B963025B005860061B47A /* CustomPopUpViewController.swift */; };
		F84B963625B00EEB0061B47A /* WebKit.framework in Frameworks */ = {isa = PBXBuildFile; fileRef = F84B963525B00EEB0061B47A /* WebKit.framework */; };
/* End PBXBuildFile section */

/* Begin PBXFileReference section */
		F84B961425AFFDB10061B47A /* customPopUpTutorial-iOS-practice.app */ = {isa = PBXFileReference; explicitFileType = wrapper.application; includeInIndex = 0; path = "customPopUpTutorial-iOS-practice.app"; sourceTree = BUILT_PRODUCTS_DIR; };
		F84B961725AFFDB10061B47A /* AppDelegate.swift */ = {isa = PBXFileReference; lastKnownFileType = sourcecode.swift; path = AppDelegate.swift; sourceTree = "<group>"; };
		F84B961925AFFDB10061B47A /* SceneDelegate.swift */ = {isa = PBXFileReference; lastKnownFileType = sourcecode.swift; path = SceneDelegate.swift; sourceTree = "<group>"; };
		F84B961B25AFFDB10061B47A /* ViewController.swift */ = {isa = PBXFileReference; lastKnownFileType = sourcecode.swift; path = ViewController.swift; sourceTree = "<group>"; };
		F84B961E25AFFDB10061B47A /* Base */ = {isa = PBXFileReference; lastKnownFileType = file.storyboard; name = Base; path = Base.lproj/Main.storyboard; sourceTree = "<group>"; };
		F84B962025AFFDB80061B47A /* Assets.xcassets */ = {isa = PBXFileReference; lastKnownFileType = folder.assetcatalog; path = Assets.xcassets; sourceTree = "<group>"; };
		F84B962325AFFDB80061B47A /* Base */ = {isa = PBXFileReference; lastKnownFileType = file.storyboard; name = Base; path = Base.lproj/LaunchScreen.storyboard; sourceTree = "<group>"; };
		F84B962525AFFDB80061B47A /* Info.plist */ = {isa = PBXFileReference; lastKnownFileType = text.plist.xml; path = Info.plist; sourceTree = "<group>"; };
		F84B962D25AFFFD00061B47A /* PopUp.storyboard */ = {isa = PBXFileReference; lastKnownFileType = file.storyboard; path = PopUp.storyboard; sourceTree = "<group>"; };
		F84B963025B005860061B47A /* CustomPopUpViewController.swift */ = {isa = PBXFileReference; lastKnownFileType = sourcecode.swift; path = CustomPopUpViewController.swift; sourceTree = "<group>"; };
		F84B963525B00EEB0061B47A /* WebKit.framework */ = {isa = PBXFileReference; lastKnownFileType = wrapper.framework; name = WebKit.framework; path = System/Library/Frameworks/WebKit.framework; sourceTree = SDKROOT; };
/* End PBXFileReference section */

/* Begin PBXFrameworksBuildPhase section */
		F84B961125AFFDB10061B47A /* Frameworks */ = {
			isa = PBXFrameworksBuildPhase;
			buildActionMask = 2147483647;
			files = (
				F84B963625B00EEB0061B47A /* WebKit.framework in Frameworks */,
			);
			runOnlyForDeploymentPostprocessing = 0;
		};
/* End PBXFrameworksBuildPhase section */

/* Begin PBXGroup section */
		F84B960B25AFFDB10061B47A = {
			isa = PBXGroup;
			children = (
				F84B961625AFFDB10061B47A /* customPopUpTutorial-iOS-practice */,
				F84B961525AFFDB10061B47A /* Products */,
				F84B963425B00EEB0061B47A /* Frameworks */,
			);
			sourceTree = "<group>";
		};
		F84B961525AFFDB10061B47A /* Products */ = {
			isa = PBXGroup;
			children = (
				F84B961425AFFDB10061B47A /* customPopUpTutorial-iOS-practice.app */,
			);
			name = Products;
			sourceTree = "<group>";
		};
		F84B961625AFFDB10061B47A /* customPopUpTutorial-iOS-practice */ = {
			isa = PBXGroup;
			children = (
				F84B961725AFFDB10061B47A /* AppDelegate.swift */,
				F84B961925AFFDB10061B47A /* SceneDelegate.swift */,
				F84B961B25AFFDB10061B47A /* ViewController.swift */,
				F84B961D25AFFDB10061B47A /* Main.storyboard */,
				F84B962025AFFDB80061B47A /* Assets.xcassets */,
				F84B962225AFFDB80061B47A /* LaunchScreen.storyboard */,
				F84B962525AFFDB80061B47A /* Info.plist */,
				F84B962D25AFFFD00061B47A /* PopUp.storyboard */,
				F84B963025B005860061B47A /* CustomPopUpViewController.swift */,
			);
			path = "customPopUpTutorial-iOS-practice";
			sourceTree = "<group>";
		};
		F84B963425B00EEB0061B47A /* Frameworks */ = {
			isa = PBXGroup;
			children = (
				F84B963525B00EEB0061B47A /* WebKit.framework */,
			);
			name = Frameworks;
			sourceTree = "<group>";
		};
/* End PBXGroup section */

/* Begin PBXNativeTarget section */
		F84B961325AFFDB10061B47A /* customPopUpTutorial-iOS-practice */ = {
			isa = PBXNativeTarget;
			buildConfigurationList = F84B962825AFFDB80061B47A /* Build configuration list for PBXNativeTarget "customPopUpTutorial-iOS-practice" */;
			buildPhases = (
				F84B961025AFFDB10061B47A /* Sources */,
				F84B961125AFFDB10061B47A /* Frameworks */,
				F84B961225AFFDB10061B47A /* Resources */,
			);
			buildRules = (
			);
			dependencies = (
			);
			name = "customPopUpTutorial-iOS-practice";
			productName = "customPopUpTutorial-iOS-practice";
			productReference = F84B961425AFFDB10061B47A /* customPopUpTutorial-iOS-practice.app */;
			productType = "com.apple.product-type.application";
		};
/* End PBXNativeTarget section */

/* Begin PBXProject section */
		F84B960C25AFFDB10061B47A /* Project object */ = {
			isa = PBXProject;
			attributes = {
				LastSwiftUpdateCheck = 1230;
				LastUpgradeCheck = 1230;
				TargetAttributes = {
					F84B961325AFFDB10061B47A = {
						CreatedOnToolsVersion = 12.3;
					};
				};
			};
			buildConfigurationList = F84B960F25AFFDB10061B47A /* Build configuration list for PBXProject "customPopUpTutorial-iOS-practice" */;
			compatibilityVersion = "Xcode 9.3";
			developmentRegion = en;
			hasScannedForEncodings = 0;
			knownRegions = (
				en,
				Base,
			);
			mainGroup = F84B960B25AFFDB10061B47A;
			productRefGroup = F84B961525AFFDB10061B47A /* Products */;
			projectDirPath = "";
			projectRoot = "";
			targets = (
				F84B961325AFFDB10061B47A /* customPopUpTutorial-iOS-practice */,
			);
		};
/* End PBXProject section */

/* Begin PBXResourcesBuildPhase section */
		F84B961225AFFDB10061B47A /* Resources */ = {
			isa = PBXResourcesBuildPhase;
			buildActionMask = 2147483647;
			files = (
				F84B962425AFFDB80061B47A /* LaunchScreen.storyboard in Resources */,
				F84B962125AFFDB80061B47A /* Assets.xcassets in Resources */,
				F84B961F25AFFDB10061B47A /* Main.storyboard in Resources */,
				F84B962E25AFFFD00061B47A /* PopUp.storyboard in Resources */,
			);
			runOnlyForDeploymentPostprocessing = 0;
		};
/* End PBXResourcesBuildPhase section */

/* Begin PBXSourcesBuildPhase section */
		F84B961025AFFDB10061B47A /* Sources */ = {
			isa = PBXSourcesBuildPhase;
			buildActionMask = 2147483647;
			files = (
				F84B961C25AFFDB10061B47A /* ViewController.swift in Sources */,
				F84B961825AFFDB10061B47A /* AppDelegate.swift in Sources */,
				F84B961A25AFFDB10061B47A /* SceneDelegate.swift in Sources */,
				F84B963125B005860061B47A /* CustomPopUpViewController.swift in Sources */,
			);
			runOnlyForDeploymentPostprocessing = 0;
		};
/* End PBXSourcesBuildPhase section */

/* Begin PBXVariantGroup section */
		F84B961D25AFFDB10061B47A /* Main.storyboard */ = {
			isa = PBXVariantGroup;
			children = (
				F84B961E25AFFDB10061B47A /* Base */,
			);
			name = Main.storyboard;
			sourceTree = "<group>";
		};
		F84B962225AFFDB80061B47A /* LaunchScreen.storyboard */ = {
			isa = PBXVariantGroup;
			children = (
				F84B962325AFFDB80061B47A /* Base */,
			);
			name = LaunchScreen.storyboard;
			sourceTree = "<group>";
		};
/* End PBXVariantGroup section */

/* Begin XCBuildConfiguration section */
		F84B962625AFFDB80061B47A /* Debug */ = {
			isa = XCBuildConfiguration;
			buildSettings = {
				ALWAYS_SEARCH_USER_PATHS = NO;
				CLANG_ANALYZER_NONNULL = YES;
				CLANG_ANALYZER_NUMBER_OBJECT_CONVERSION = YES_AGGRESSIVE;
				CLANG_CXX_LANGUAGE_STANDARD = "gnu++14";
				CLANG_CXX_LIBRARY = "libc++";
				CLANG_ENABLE_MODULES = YES;
				CLANG_ENABLE_OBJC_ARC = YES;
				CLANG_ENABLE_OBJC_WEAK = YES;
				CLANG_WARN_BLOCK_CAPTURE_AUTORELEASING = YES;
				CLANG_WARN_BOOL_CONVERSION = YES;
				CLANG_WARN_COMMA = YES;
				CLANG_WARN_CONSTANT_CONVERSION = YES;
				CLANG_WARN_DEPRECATED_OBJC_IMPLEMENTATIONS = YES;
				CLANG_WARN_DIRECT_OBJC_ISA_USAGE = YES_ERROR;
				CLANG_WARN_DOCUMENTATION_COMMENTS = YES;
				CLANG_WARN_EMPTY_BODY = YES;
				CLANG_WARN_ENUM_CONVERSION = YES;
				CLANG_WARN_INFINITE_RECURSION = YES;
				CLANG_WARN_INT_CONVERSION = YES;
				CLANG_WARN_NON_LITERAL_NULL_CONVERSION = YES;
				CLANG_WARN_OBJC_IMPLICIT_RETAIN_SELF = YES;
				CLANG_WARN_OBJC_LITERAL_CONVERSION = YES;
				CLANG_WARN_OBJC_ROOT_CLASS = YES_ERROR;
				CLANG_WARN_QUOTED_INCLUDE_IN_FRAMEWORK_HEADER = YES;
				CLANG_WARN_RANGE_LOOP_ANALYSIS = YES;
				CLANG_WARN_STRICT_PROTOTYPES = YES;
				CLANG_WARN_SUSPICIOUS_MOVE = YES;
				CLANG_WARN_UNGUARDED_AVAILABILITY = YES_AGGRESSIVE;
				CLANG_WARN_UNREACHABLE_CODE = YES;
				CLANG_WARN__DUPLICATE_METHOD_MATCH = YES;
				COPY_PHASE_STRIP = NO;
				DEBUG_INFORMATION_FORMAT = dwarf;
				ENABLE_STRICT_OBJC_MSGSEND = YES;
				ENABLE_TESTABILITY = YES;
				GCC_C_LANGUAGE_STANDARD = gnu11;
				GCC_DYNAMIC_NO_PIC = NO;
				GCC_NO_COMMON_BLOCKS = YES;
				GCC_OPTIMIZATION_LEVEL = 0;
				GCC_PREPROCESSOR_DEFINITIONS = (
					"DEBUG=1",
					"$(inherited)",
				);
				GCC_WARN_64_TO_32_BIT_CONVERSION = YES;
				GCC_WARN_ABOUT_RETURN_TYPE = YES_ERROR;
				GCC_WARN_UNDECLARED_SELECTOR = YES;
				GCC_WARN_UNINITIALIZED_AUTOS = YES_AGGRESSIVE;
				GCC_WARN_UNUSED_FUNCTION = YES;
				GCC_WARN_UNUSED_VARIABLE = YES;
				IPHONEOS_DEPLOYMENT_TARGET = 14.3;
				MTL_ENABLE_DEBUG_INFO = INCLUDE_SOURCE;
				MTL_FAST_MATH = YES;
				ONLY_ACTIVE_ARCH = YES;
				SDKROOT = iphoneos;
				SWIFT_ACTIVE_COMPILATION_CONDITIONS = DEBUG;
				SWIFT_OPTIMIZATION_LEVEL = "-Onone";
			};
			name = Debug;
		};
		F84B962725AFFDB80061B47A /* Release */ = {
			isa = XCBuildConfiguration;
			buildSettings = {
				ALWAYS_SEARCH_USER_PATHS = NO;
				CLANG_ANALYZER_NONNULL = YES;
				CLANG_ANALYZER_NUMBER_OBJECT_CONVERSION = YES_AGGRESSIVE;
				CLANG_CXX_LANGUAGE_STANDARD = "gnu++14";
				CLANG_CXX_LIBRARY = "libc++";
				CLANG_ENABLE_MODULES = YES;
				CLANG_ENABLE_OBJC_ARC = YES;
				CLANG_ENABLE_OBJC_WEAK = YES;
				CLANG_WARN_BLOCK_CAPTURE_AUTORELEASING = YES;
				CLANG_WARN_BOOL_CONVERSION = YES;
				CLANG_WARN_COMMA = YES;
				CLANG_WARN_CONSTANT_CONVERSION = YES;
				CLANG_WARN_DEPRECATED_OBJC_IMPLEMENTATIONS = YES;
				CLANG_WARN_DIRECT_OBJC_ISA_USAGE = YES_ERROR;
				CLANG_WARN_DOCUMENTATION_COMMENTS = YES;
				CLANG_WARN_EMPTY_BODY = YES;
				CLANG_WARN_ENUM_CONVERSION = YES;
				CLANG_WARN_INFINITE_RECURSION = YES;
				CLANG_WARN_INT_CONVERSION = YES;
				CLANG_WARN_NON_LITERAL_NULL_CONVERSION = YES;
				CLANG_WARN_OBJC_IMPLICIT_RETAIN_SELF = YES;
				CLANG_WARN_OBJC_LITERAL_CONVERSION = YES;
				CLANG_WARN_OBJC_ROOT_CLASS = YES_ERROR;
				CLANG_WARN_QUOTED_INCLUDE_IN_FRAMEWORK_HEADER = YES;
				CLANG_WARN_RANGE_LOOP_ANALYSIS = YES;
				CLANG_WARN_STRICT_PROTOTYPES = YES;
				CLANG_WARN_SUSPICIOUS_MOVE = YES;
				CLANG_WARN_UNGUARDED_AVAILABILITY = YES_AGGRESSIVE;
				CLANG_WARN_UNREACHABLE_CODE = YES;
				CLANG_WARN__DUPLICATE_METHOD_MATCH = YES;
				COPY_PHASE_STRIP = NO;
				DEBUG_INFORMATION_FORMAT = "dwarf-with-dsym";
				ENABLE_NS_ASSERTIONS = NO;
				ENABLE_STRICT_OBJC_MSGSEND = YES;
				GCC_C_LANGUAGE_STANDARD = gnu11;
				GCC_NO_COMMON_BLOCKS = YES;
				GCC_WARN_64_TO_32_BIT_CONVERSION = YES;
				GCC_WARN_ABOUT_RETURN_TYPE = YES_ERROR;
				GCC_WARN_UNDECLARED_SELECTOR = YES;
				GCC_WARN_UNINITIALIZED_AUTOS = YES_AGGRESSIVE;
				GCC_WARN_UNUSED_FUNCTION = YES;
				GCC_WARN_UNUSED_VARIABLE = YES;
				IPHONEOS_DEPLOYMENT_TARGET = 14.3;
				MTL_ENABLE_DEBUG_INFO = NO;
				MTL_FAST_MATH = YES;
				SDKROOT = iphoneos;
				SWIFT_COMPILATION_MODE = wholemodule;
				SWIFT_OPTIMIZATION_LEVEL = "-O";
				VALIDATE_PRODUCT = YES;
			};
			name = Release;
		};
		F84B962925AFFDB80061B47A /* Debug */ = {
			isa = XCBuildConfiguration;
			buildSettings = {
				ASSETCATALOG_COMPILER_APPICON_NAME = AppIcon;
				ASSETCATALOG_COMPILER_GLOBAL_ACCENT_COLOR_NAME = AccentColor;
				CODE_SIGN_STYLE = Automatic;
				DEVELOPMENT_TEAM = T8C9SSEX5G;
				INFOPLIST_FILE = "customPopUpTutorial-iOS-practice/Info.plist";
				IPHONEOS_DEPLOYMENT_TARGET = 14.0;
				LD_RUNPATH_SEARCH_PATHS = (
					"$(inherited)",
					"@executable_path/Frameworks",
				);
				PRODUCT_BUNDLE_IDENTIFIER = "hyun99999.customPopUpTutorial-iOS-practice";
				PRODUCT_NAME = "$(TARGET_NAME)";
				SWIFT_VERSION = 5.0;
				TARGETED_DEVICE_FAMILY = "1,2";
			};
			name = Debug;
		};
		F84B962A25AFFDB80061B47A /* Release */ = {
			isa = XCBuildConfiguration;
			buildSettings = {
				ASSETCATALOG_COMPILER_APPICON_NAME = AppIcon;
				ASSETCATALOG_COMPILER_GLOBAL_ACCENT_COLOR_NAME = AccentColor;
				CODE_SIGN_STYLE = Automatic;
				DEVELOPMENT_TEAM = T8C9SSEX5G;
				INFOPLIST_FILE = "customPopUpTutorial-iOS-practice/Info.plist";
				IPHONEOS_DEPLOYMENT_TARGET = 14.0;
				LD_RUNPATH_SEARCH_PATHS = (
					"$(inherited)",
					"@executable_path/Frameworks",
				);
				PRODUCT_BUNDLE_IDENTIFIER = "hyun99999.customPopUpTutorial-iOS-practice";
				PRODUCT_NAME = "$(TARGET_NAME)";
				SWIFT_VERSION = 5.0;
				TARGETED_DEVICE_FAMILY = "1,2";
			};
			name = Release;
		};
/* End XCBuildConfiguration section */

/* Begin XCConfigurationList section */
		F84B960F25AFFDB10061B47A /* Build configuration list for PBXProject "customPopUpTutorial-iOS-practice" */ = {
			isa = XCConfigurationList;
			buildConfigurations = (
				F84B962625AFFDB80061B47A /* Debug */,
				F84B962725AFFDB80061B47A /* Release */,
			);
			defaultConfigurationIsVisible = 0;
			defaultConfigurationName = Release;
		};
		F84B962825AFFDB80061B47A /* Build configuration list for PBXNativeTarget "customPopUpTutorial-iOS-practice" */ = {
			isa = XCConfigurationList;
			buildConfigurations = (
				F84B962925AFFDB80061B47A /* Debug */,
				F84B962A25AFFDB80061B47A /* Release */,
			);
			defaultConfigurationIsVisible = 0;
			defaultConfigurationName = Release;
		};
/* End XCConfigurationList section */
	};
	rootObject = F84B960C25AFFDB10061B47A /* Project object */;
}
